// !$*UTF8*$!
{
	archiveVersion = 1;
	classes = {
	};
	objectVersion = 50;
	objects = {

/* Begin PBXBuildFile section */
		2D4E916520AD4CAE00A9D888 /* AppDelegate.m in Sources */ = {isa = PBXBuildFile; fileRef = 2D4E916420AD4CAE00A9D888 /* AppDelegate.m */; };
		2D4E916820AD4CAE00A9D888 /* ViewController.m in Sources */ = {isa = PBXBuildFile; fileRef = 2D4E916720AD4CAE00A9D888 /* ViewController.m */; };
		2D4E916B20AD4CAE00A9D888 /* Main.storyboard in Resources */ = {isa = PBXBuildFile; fileRef = 2D4E916920AD4CAE00A9D888 /* Main.storyboard */; };
		2D4E916D20AD4CAF00A9D888 /* Assets.xcassets in Resources */ = {isa = PBXBuildFile; fileRef = 2D4E916C20AD4CAF00A9D888 /* Assets.xcassets */; };
		2D4E917020AD4CAF00A9D888 /* LaunchScreen.storyboard in Resources */ = {isa = PBXBuildFile; fileRef = 2D4E916E20AD4CAF00A9D888 /* LaunchScreen.storyboard */; };
		2D4E917320AD4CAF00A9D888 /* main.m in Sources */ = {isa = PBXBuildFile; fileRef = 2D4E917220AD4CAF00A9D888 /* main.m */; };
		68B3AA5357288CFEFD32815B /* libPods-SwpKeyChainDemo.a in Frameworks */ = {isa = PBXBuildFile; fileRef = EAB5FA979FA27BFD411C1B84 /* libPods-SwpKeyChainDemo.a */; };
/* End PBXBuildFile section */

/* Begin PBXFileReference section */
		197D00670A943E3D954F3C7A /* Pods-SwpKeyChainDemo.release.xcconfig */ = {isa = PBXFileReference; includeInIndex = 1; lastKnownFileType = text.xcconfig; name = "Pods-SwpKeyChainDemo.release.xcconfig"; path = "Pods/Target Support Files/Pods-SwpKeyChainDemo/Pods-SwpKeyChainDemo.release.xcconfig"; sourceTree = "<group>"; };
		2D4E916020AD4CAE00A9D888 /* SwpKeyChainDemo.app */ = {isa = PBXFileReference; explicitFileType = wrapper.application; includeInIndex = 0; path = SwpKeyChainDemo.app; sourceTree = BUILT_PRODUCTS_DIR; };
		2D4E916320AD4CAE00A9D888 /* AppDelegate.h */ = {isa = PBXFileReference; lastKnownFileType = sourcecode.c.h; path = AppDelegate.h; sourceTree = "<group>"; };
		2D4E916420AD4CAE00A9D888 /* AppDelegate.m */ = {isa = PBXFileReference; lastKnownFileType = sourcecode.c.objc; path = AppDelegate.m; sourceTree = "<group>"; };
		2D4E916620AD4CAE00A9D888 /* ViewController.h */ = {isa = PBXFileReference; lastKnownFileType = sourcecode.c.h; path = ViewController.h; sourceTree = "<group>"; };
		2D4E916720AD4CAE00A9D888 /* ViewController.m */ = {isa = PBXFileReference; lastKnownFileType = sourcecode.c.objc; path = ViewController.m; sourceTree = "<group>"; };
		2D4E916A20AD4CAE00A9D888 /* Base */ = {isa = PBXFileReference; lastKnownFileType = file.storyboard; name = Base; path = Base.lproj/Main.storyboard; sourceTree = "<group>"; };
		2D4E916C20AD4CAF00A9D888 /* Assets.xcassets */ = {isa = PBXFileReference; lastKnownFileType = folder.assetcatalog; path = Assets.xcassets; sourceTree = "<group>"; };
		2D4E916F20AD4CAF00A9D888 /* Base */ = {isa = PBXFileReference; lastKnownFileType = file.storyboard; name = Base; path = Base.lproj/LaunchScreen.storyboard; sourceTree = "<group>"; };
		2D4E917120AD4CAF00A9D888 /* Info.plist */ = {isa = PBXFileReference; lastKnownFileType = text.plist.xml; path = Info.plist; sourceTree = "<group>"; };
		2D4E917220AD4CAF00A9D888 /* main.m */ = {isa = PBXFileReference; lastKnownFileType = sourcecode.c.objc; path = main.m; sourceTree = "<group>"; };
		C01A7B0906BAB62AF16D9AD7 /* Pods-SwpKeyChainDemo.debug.xcconfig */ = {isa = PBXFileReference; includeInIndex = 1; lastKnownFileType = text.xcconfig; name = "Pods-SwpKeyChainDemo.debug.xcconfig"; path = "Pods/Target Support Files/Pods-SwpKeyChainDemo/Pods-SwpKeyChainDemo.debug.xcconfig"; sourceTree = "<group>"; };
		EAB5FA979FA27BFD411C1B84 /* libPods-SwpKeyChainDemo.a */ = {isa = PBXFileReference; explicitFileType = archive.ar; includeInIndex = 0; path = "libPods-SwpKeyChainDemo.a"; sourceTree = BUILT_PRODUCTS_DIR; };
/* End PBXFileReference section */

/* Begin PBXFrameworksBuildPhase section */
		2D4E915D20AD4CAE00A9D888 /* Frameworks */ = {
			isa = PBXFrameworksBuildPhase;
			buildActionMask = 2147483647;
			files = (
				68B3AA5357288CFEFD32815B /* libPods-SwpKeyChainDemo.a in Frameworks */,
			);
			runOnlyForDeploymentPostprocessing = 0;
		};
/* End PBXFrameworksBuildPhase section */

/* Begin PBXGroup section */
		2D4E915720AD4CAE00A9D888 = {
			isa = PBXGroup;
			children = (
				2D4E916220AD4CAE00A9D888 /* SwpKeyChainDemo */,
				2D4E916120AD4CAE00A9D888 /* Products */,
				EA5264B408029476B7F3C97E /* Pods */,
				6C04EDDA2852B67470B28AE6 /* Frameworks */,
			);
			sourceTree = "<group>";
		};
		2D4E916120AD4CAE00A9D888 /* Products */ = {
			isa = PBXGroup;
			children = (
				2D4E916020AD4CAE00A9D888 /* SwpKeyChainDemo.app */,
			);
			name = Products;
			sourceTree = "<group>";
		};
		2D4E916220AD4CAE00A9D888 /* SwpKeyChainDemo */ = {
			isa = PBXGroup;
			children = (
				2D4E916320AD4CAE00A9D888 /* AppDelegate.h */,
				2D4E916420AD4CAE00A9D888 /* AppDelegate.m */,
				2D4E916620AD4CAE00A9D888 /* ViewController.h */,
				2D4E916720AD4CAE00A9D888 /* ViewController.m */,
				2D4E916920AD4CAE00A9D888 /* Main.storyboard */,
				2D4E916C20AD4CAF00A9D888 /* Assets.xcassets */,
				2D4E916E20AD4CAF00A9D888 /* LaunchScreen.storyboard */,
				2D4E917120AD4CAF00A9D888 /* Info.plist */,
				2D4E917220AD4CAF00A9D888 /* main.m */,
			);
			path = SwpKeyChainDemo;
			sourceTree = "<group>";
		};
		6C04EDDA2852B67470B28AE6 /* Frameworks */ = {
			isa = PBXGroup;
			children = (
				EAB5FA979FA27BFD411C1B84 /* libPods-SwpKeyChainDemo.a */,
			);
			name = Frameworks;
			sourceTree = "<group>";
		};
		EA5264B408029476B7F3C97E /* Pods */ = {
			isa = PBXGroup;
			children = (
				C01A7B0906BAB62AF16D9AD7 /* Pods-SwpKeyChainDemo.debug.xcconfig */,
				197D00670A943E3D954F3C7A /* Pods-SwpKeyChainDemo.release.xcconfig */,
			);
			name = Pods;
			sourceTree = "<group>";
		};
/* End PBXGroup section */

/* Begin PBXNativeTarget section */
		2D4E915F20AD4CAE00A9D888 /* SwpKeyChainDemo */ = {
			isa = PBXNativeTarget;
			buildConfigurationList = 2D4E917620AD4CAF00A9D888 /* Build configuration list for PBXNativeTarget "SwpKeyChainDemo" */;
			buildPhases = (
				4377F4E89F2B71FCDF4A8D78 /* [CP] Check Pods Manifest.lock */,
				2D4E915C20AD4CAE00A9D888 /* Sources */,
				2D4E915D20AD4CAE00A9D888 /* Frameworks */,
				2D4E915E20AD4CAE00A9D888 /* Resources */,
			);
			buildRules = (
			);
			dependencies = (
			);
			name = SwpKeyChainDemo;
			productName = SwpKeyChainDemo;
			productReference = 2D4E916020AD4CAE00A9D888 /* SwpKeyChainDemo.app */;
			productType = "com.apple.product-type.application";
		};
/* End PBXNativeTarget section */

/* Begin PBXProject section */
		2D4E915820AD4CAE00A9D888 /* Project object */ = {
			isa = PBXProject;
			attributes = {
				LastUpgradeCheck = 0930;
				ORGANIZATIONNAME = "swp-song";
				TargetAttributes = {
					2D4E915F20AD4CAE00A9D888 = {
						CreatedOnToolsVersion = 9.3;
					};
				};
			};
			buildConfigurationList = 2D4E915B20AD4CAE00A9D888 /* Build configuration list for PBXProject "SwpKeyChainDemo" */;
			compatibilityVersion = "Xcode 9.3";
			developmentRegion = en;
			hasScannedForEncodings = 0;
			knownRegions = (
				en,
				Base,
			);
			mainGroup = 2D4E915720AD4CAE00A9D888;
			productRefGroup = 2D4E916120AD4CAE00A9D888 /* Products */;
			projectDirPath = "";
			projectRoot = "";
			targets = (
				2D4E915F20AD4CAE00A9D888 /* SwpKeyChainDemo */,
			);
		};
/* End PBXProject section */

/* Begin PBXResourcesBuildPhase section */
		2D4E915E20AD4CAE00A9D888 /* Resources */ = {
			isa = PBXResourcesBuildPhase;
			buildActionMask = 2147483647;
			files = (
				2D4E917020AD4CAF00A9D888 /* LaunchScreen.storyboard in Resources */,
				2D4E916D20AD4CAF00A9D888 /* Assets.xcassets in Resources */,
				2D4E916B20AD4CAE00A9D888 /* Main.storyboard in Resources */,
			);
			runOnlyForDeploymentPostprocessing = 0;
		};
/* End PBXResourcesBuildPhase section */

/* Begin PBXShellScriptBuildPhase section */
		4377F4E89F2B71FCDF4A8D78 /* [CP] Check Pods Manifest.lock */ = {
			isa = PBXShellScriptBuildPhase;
			buildActionMask = 2147483647;
			files = (
			);
			inputPaths = (
				"${PODS_PODFILE_DIR_PATH}/Podfile.lock",
				"${PODS_ROOT}/Manifest.lock",
			);
			name = "[CP] Check Pods Manifest.lock";
			outputPaths = (
				"$(DERIVED_FILE_DIR)/Pods-SwpKeyChainDemo-checkManifestLockResult.txt",
			);
			runOnlyForDeploymentPostprocessing = 0;
			shellPath = /bin/sh;
			shellScript = "diff \"${PODS_PODFILE_DIR_PATH}/Podfile.lock\" \"${PODS_ROOT}/Manifest.lock\" > /dev/null\nif [ $? != 0 ] ; then\n    # print error to STDERR\n    echo \"error: The sandbox is not in sync with the Podfile.lock. Run 'pod install' or update your CocoaPods installation.\" >&2\n    exit 1\nfi\n# This output is used by Xcode 'outputs' to avoid re-running this script phase.\necho \"SUCCESS\" > \"${SCRIPT_OUTPUT_FILE_0}\"\n";
			showEnvVarsInLog = 0;
		};
/* End PBXShellScriptBuildPhase section */

/* Begin PBXSourcesBuildPhase section */
		2D4E915C20AD4CAE00A9D888 /* Sources */ = {
			isa = PBXSourcesBuildPhase;
			buildActionMask = 2147483647;
			files = (
				2D4E916820AD4CAE00A9D888 /* ViewController.m in Sources */,
				2D4E917320AD4CAF00A9D888 /* main.m in Sources */,
				2D4E916520AD4CAE00A9D888 /* AppDelegate.m in Sources */,
			);
			runOnlyForDeploymentPostprocessing = 0;
		};
/* End PBXSourcesBuildPhase section */

/* Begin PBXVariantGroup section */
		2D4E916920AD4CAE00A9D888 /* Main.storyboard */ = {
			isa = PBXVariantGroup;
			children = (
				2D4E916A20AD4CAE00A9D888 /* Base */,
			);
			name = Main.storyboard;
			sourceTree = "<group>";
		};
		2D4E916E20AD4CAF00A9D888 /* LaunchScreen.storyboard */ = {
			isa = PBXVariantGroup;
			children = (
				2D4E916F20AD4CAF00A9D888 /* Base */,
			);
			name = LaunchScreen.storyboard;
			sourceTree = "<group>";
		};
/* End PBXVariantGroup section */

/* Begin XCBuildConfiguration section */
		2D4E917420AD4CAF00A9D888 /* Debug */ = {
			isa = XCBuildConfiguration;
			buildSettings = {
				ALWAYS_SEARCH_USER_PATHS = NO;
				CLANG_ANALYZER_NONNULL = YES;
				CLANG_ANALYZER_NUMBER_OBJECT_CONVERSION = YES_AGGRESSIVE;
				CLANG_CXX_LANGUAGE_STANDARD = "gnu++14";
				CLANG_CXX_LIBRARY = "libc++";
				CLANG_ENABLE_MODULES = YES;
				CLANG_ENABLE_OBJC_ARC = YES;
				CLANG_ENABLE_OBJC_WEAK = YES;
				CLANG_WARN_BLOCK_CAPTURE_AUTORELEASING = YES;
				CLANG_WARN_BOOL_CONVERSION = YES;
				CLANG_WARN_COMMA = YES;
				CLANG_WARN_CONSTANT_CONVERSION = YES;
				CLANG_WARN_DEPRECATED_OBJC_IMPLEMENTATIONS = YES;
				CLANG_WARN_DIRECT_OBJC_ISA_USAGE = YES_ERROR;
				CLANG_WARN_DOCUMENTATION_COMMENTS = YES;
				CLANG_WARN_EMPTY_BODY = YES;
				CLANG_WARN_ENUM_CONVERSION = YES;
				CLANG_WARN_INFINITE_RECURSION = YES;
				CLANG_WARN_INT_CONVERSION = YES;
				CLANG_WARN_NON_LITERAL_NULL_CONVERSION = YES;
				CLANG_WARN_OBJC_IMPLICIT_RETAIN_SELF = YES;
				CLANG_WARN_OBJC_LITERAL_CONVERSION = YES;
				CLANG_WARN_OBJC_ROOT_CLASS = YES_ERROR;
				CLANG_WARN_RANGE_LOOP_ANALYSIS = YES;
				CLANG_WARN_STRICT_PROTOTYPES = YES;
				CLANG_WARN_SUSPICIOUS_MOVE = YES;
				CLANG_WARN_UNGUARDED_AVAILABILITY = YES_AGGRESSIVE;
				CLANG_WARN_UNREACHABLE_CODE = YES;
				CLANG_WARN__DUPLICATE_METHOD_MATCH = YES;
				CODE_SIGN_IDENTITY = "iPhone Developer";
				COPY_PHASE_STRIP = NO;
				DEBUG_INFORMATION_FORMAT = dwarf;
				ENABLE_STRICT_OBJC_MSGSEND = YES;
				ENABLE_TESTABILITY = YES;
				GCC_C_LANGUAGE_STANDARD = gnu11;
				GCC_DYNAMIC_NO_PIC = NO;
				GCC_NO_COMMON_BLOCKS = YES;
				GCC_OPTIMIZATION_LEVEL = 0;
				GCC_PREPROCESSOR_DEFINITIONS = (
					"DEBUG=1",
					"$(inherited)",
				);
				GCC_WARN_64_TO_32_BIT_CONVERSION = YES;
				GCC_WARN_ABOUT_RETURN_TYPE = YES_ERROR;
				GCC_WARN_UNDECLARED_SELECTOR = YES;
				GCC_WARN_UNINITIALIZED_AUTOS = YES_AGGRESSIVE;
				GCC_WARN_UNUSED_FUNCTION = YES;
				GCC_WARN_UNUSED_VARIABLE = YES;
				IPHONEOS_DEPLOYMENT_TARGET = 11.3;
				MTL_ENABLE_DEBUG_INFO = YES;
				ONLY_ACTIVE_ARCH = YES;
				SDKROOT = iphoneos;
			};
			name = Debug;
		};
		2D4E917520AD4CAF00A9D888 /* Release */ = {
			isa = XCBuildConfiguration;
			buildSettings = {
				ALWAYS_SEARCH_USER_PATHS = NO;
				CLANG_ANALYZER_NONNULL = YES;
				CLANG_ANALYZER_NUMBER_OBJECT_CONVERSION = YES_AGGRESSIVE;
				CLANG_CXX_LANGUAGE_STANDARD = "gnu++14";
				CLANG_CXX_LIBRARY = "libc++";
				CLANG_ENABLE_MODULES = YES;
				CLANG_ENABLE_OBJC_ARC = YES;
				CLANG_ENABLE_OBJC_WEAK = YES;
				CLANG_WARN_BLOCK_CAPTURE_AUTORELEASING = YES;
				CLANG_WARN_BOOL_CONVERSION = YES;
				CLANG_WARN_COMMA = YES;
				CLANG_WARN_CONSTANT_CONVERSION = YES;
				CLANG_WARN_DEPRECATED_OBJC_IMPLEMENTATIONS = YES;
				CLANG_WARN_DIRECT_OBJC_ISA_USAGE = YES_ERROR;
				CLANG_WARN_DOCUMENTATION_COMMENTS = YES;
				CLANG_WARN_EMPTY_BODY = YES;
				CLANG_WARN_ENUM_CONVERSION = YES;
				CLANG_WARN_INFINITE_RECURSION = YES;
				CLANG_WARN_INT_CONVERSION = YES;
				CLANG_WARN_NON_LITERAL_NULL_CONVERSION = YES;
				CLANG_WARN_OBJC_IMPLICIT_RETAIN_SELF = YES;
				CLANG_WARN_OBJC_LITERAL_CONVERSION = YES;
				CLANG_WARN_OBJC_ROOT_CLASS = YES_ERROR;
				CLANG_WARN_RANGE_LOOP_ANALYSIS = YES;
				CLANG_WARN_STRICT_PROTOTYPES = YES;
				CLANG_WARN_SUSPICIOUS_MOVE = YES;
				CLANG_WARN_UNGUARDED_AVAILABILITY = YES_AGGRESSIVE;
				CLANG_WARN_UNREACHABLE_CODE = YES;
				CLANG_WARN__DUPLICATE_METHOD_MATCH = YES;
				CODE_SIGN_IDENTITY = "iPhone Developer";
				COPY_PHASE_STRIP = NO;
				DEBUG_INFORMATION_FORMAT = "dwarf-with-dsym";
				ENABLE_NS_ASSERTIONS = NO;
				ENABLE_STRICT_OBJC_MSGSEND = YES;
				GCC_C_LANGUAGE_STANDARD = gnu11;
				GCC_NO_COMMON_BLOCKS = YES;
				GCC_WARN_64_TO_32_BIT_CONVERSION = YES;
				GCC_WARN_ABOUT_RETURN_TYPE = YES_ERROR;
				GCC_WARN_UNDECLARED_SELECTOR = YES;
				GCC_WARN_UNINITIALIZED_AUTOS = YES_AGGRESSIVE;
				GCC_WARN_UNUSED_FUNCTION = YES;
				GCC_WARN_UNUSED_VARIABLE = YES;
				IPHONEOS_DEPLOYMENT_TARGET = 11.3;
				MTL_ENABLE_DEBUG_INFO = NO;
				SDKROOT = iphoneos;
				VALIDATE_PRODUCT = YES;
			};
			name = Release;
		};
		2D4E917720AD4CAF00A9D888 /* Debug */ = {
			isa = XCBuildConfiguration;
			baseConfigurationReference = C01A7B0906BAB62AF16D9AD7 /* Pods-SwpKeyChainDemo.debug.xcconfig */;
			buildSettings = {
				ASSETCATALOG_COMPILER_APPICON_NAME = AppIcon;
				CODE_SIGN_STYLE = Manual;
				DEVELOPMENT_TEAM = "";
				INFOPLIST_FILE = SwpKeyChainDemo/Info.plist;
				LD_RUNPATH_SEARCH_PATHS = (
					"$(inherited)",
					"@executable_path/Frameworks",
				);
				PRODUCT_BUNDLE_IDENTIFIER = "com.swp-song.SwpKeyChainDemo";
				PRODUCT_NAME = "$(TARGET_NAME)";
				PROVISIONING_PROFILE_SPECIFIER = "";
				TARGETED_DEVICE_FAMILY = 1;
			};
			name = Debug;
		};
		2D4E917820AD4CAF00A9D888 /* Release */ = {
			isa = XCBuildConfiguration;
			baseConfigurationReference = 197D00670A943E3D954F3C7A /* Pods-SwpKeyChainDemo.release.xcconfig */;
			buildSettings = {
				ASSETCATALOG_COMPILER_APPICON_NAME = AppIcon;
				CODE_SIGN_STYLE = Manual;
				DEVELOPMENT_TEAM = "";
				INFOPLIST_FILE = SwpKeyChainDemo/Info.plist;
				LD_RUNPATH_SEARCH_PATHS = (
					"$(inherited)",
					"@executable_path/Frameworks",
				);
				PRODUCT_BUNDLE_IDENTIFIER = "com.swp-song.SwpKeyChainDemo";
				PRODUCT_NAME = "$(TARGET_NAME)";
				PROVISIONING_PROFILE_SPECIFIER = "";
				TARGETED_DEVICE_FAMILY = 1;
			};
			name = Release;
		};
/* End XCBuildConfiguration section */

/* Begin XCConfigurationList section */
		2D4E915B20AD4CAE00A9D888 /* Build configuration list for PBXProject "SwpKeyChainDemo" */ = {
			isa = XCConfigurationList;
			buildConfigurations = (
				2D4E917420AD4CAF00A9D888 /* Debug */,
				2D4E917520AD4CAF00A9D888 /* Release */,
			);
			defaultConfigurationIsVisible = 0;
			defaultConfigurationName = Release;
		};
		2D4E917620AD4CAF00A9D888 /* Build configuration list for PBXNativeTarget "SwpKeyChainDemo" */ = {
			isa = XCConfigurationList;
			buildConfigurations = (
				2D4E917720AD4CAF00A9D888 /* Debug */,
				2D4E917820AD4CAF00A9D888 /* Release */,
			);
			defaultConfigurationIsVisible = 0;
			defaultConfigurationName = Release;
		};
/* End XCConfigurationList section */
	};
	rootObject = 2D4E915820AD4CAE00A9D888 /* Project object */;
}
